# THIS IS AN AUTOGENERATED FILE. DO NOT EDIT THIS FILE DIRECTLY.
# yarn lockfile v1


"@babel/parser@^7.15.0":
  version "7.16.4"
  resolved "https://registry.npmmirror.com/@babel/parser/download/@babel/parser-7.16.4.tgz?cache=0&sync_timestamp=1637138645653&other_urls=https%3A%2F%2Fregistry.npmmirror.com%2F%40babel%2Fparser%2Fdownload%2F%40babel%2Fparser-7.16.4.tgz#d5f92f57cf2c74ffe9b37981c0e72fee7311372e"
  integrity sha512-6V0qdPUaiVHH3RtZeLIsc+6pDhbYzHR8ogA8w+f+Wc77DuXto19g2QUwveINoS34Uw+W8/hQDGJCx+i4n7xcng==

"@vitejs/plugin-vue@^1.9.3":
  version "1.10.1"
  resolved "https://registry.npmmirror.com/@vitejs/plugin-vue/download/@vitejs/plugin-vue-1.10.1.tgz#d140e93d574c5eac247a79f5b15df665dcb7635b"
  integrity sha512-oL76QETMSpVE9jIScirGB2bYJEVU/+r+g+K7oG+sXPs9TZljqveoVRsmLyXlMZTjpQkLL8gz527cW80NMGVKJg==

"@vue/compiler-core@3.2.23":
  version "3.2.23"
  resolved "https://registry.npmmirror.com/@vue/compiler-core/download/@vue/compiler-core-3.2.23.tgz#ef1769fbf313306b47c858735a9300aa2a20f104"
  integrity sha512-4ZhiI/orx+7EJ1B+0zjgvXMV2uRN+XBfG06UN2sJfND9rH5gtEQT3QmO4erum1o6Irl7y754W8/KSaDJh4EUQg==
  dependencies:
    "@babel/parser" "^7.15.0"
    "@vue/shared" "3.2.23"
    estree-walker "^2.0.2"
    source-map "^0.6.1"

"@vue/compiler-dom@3.2.23":
  version "3.2.23"
  resolved "https://registry.npmmirror.com/@vue/compiler-dom/download/@vue/compiler-dom-3.2.23.tgz#1dc5ba6c61f4d9e5e22442bfbf1ca306bb698507"
  integrity sha512-X2Nw8QFc5lgoK3kio5ktM95nqmLUH+q+N/PbV4kCHzF1avqv/EGLnAhaaF0Iu4bewNvHJAAhhwPZFeoV/22nbw==
  dependencies:
    "@vue/compiler-core" "3.2.23"
    "@vue/shared" "3.2.23"

"@vue/compiler-sfc@3.2.23":
  version "3.2.23"
  resolved "https://registry.npmmirror.com/@vue/compiler-sfc/download/@vue/compiler-sfc-3.2.23.tgz#35ef678240b29da5144bc3c6447fa51a07d78875"
  integrity sha512-Aw+pb50Q5zTjyvWod8mNKmYZDRGHJBptmNNWE+84ZxrzEztPgMz8cNYIzWGbwcFVkmJlhvioAMvKnB+LM/sjSA==
  dependencies:
    "@babel/parser" "^7.15.0"
    "@vue/compiler-core" "3.2.23"
    "@vue/compiler-dom" "3.2.23"
    "@vue/compiler-ssr" "3.2.23"
    "@vue/ref-transform" "3.2.23"
    "@vue/shared" "3.2.23"
    estree-walker "^2.0.2"
    magic-string "^0.25.7"
    postcss "^8.1.10"
    source-map "^0.6.1"

"@vue/compiler-ssr@3.2.23":
  version "3.2.23"
  resolved "https://registry.npmmirror.com/@vue/compiler-ssr/download/@vue/compiler-ssr-3.2.23.tgz#cd9c6541c388553f6448244a9f2a76dfdba027ba"
  integrity sha512-Bqzn4jFyXPK1Ehqiq7e/czS8n62gtYF1Zfeu0DrR5uv+SBllh7LIvZjZU6+c8qbocAd3/T3I3gn2cZGmnDb6zg==
  dependencies:
    "@vue/compiler-dom" "3.2.23"
    "@vue/shared" "3.2.23"

"@vue/reactivity@3.2.23":
  version "3.2.23"
  resolved "https://registry.npmmirror.com/@vue/reactivity/download/@vue/reactivity-3.2.23.tgz#d2f10749d554f7e94d8d52f36e7e6a0b021a2418"
  integrity sha512-8RGVr/5Kpgb/EkCjgHXqttgA5IMc6n0lIXFY4TVbMkzdXrvaIhzBd7Te44oIDsTSYVKZLpfHd6/wEnuDqE8vFw==
  dependencies:
    "@vue/shared" "3.2.23"

"@vue/ref-transform@3.2.23":
  version "3.2.23"
  resolved "https://registry.npmmirror.com/@vue/ref-transform/download/@vue/ref-transform-3.2.23.tgz#5c8b0c0638db27094ddd689020c60cf1aa33d873"
  integrity sha512-gW0GD2PSAs/th7mC7tPB/UwpIQxclbApVtsDtscDmOJXb2+cdu60ny+SuHNgfrlUT/JqWKQHq7jFKO4woxLNaA==
  dependencies:
    "@babel/parser" "^7.15.0"
    "@vue/compiler-core" "3.2.23"
    "@vue/shared" "3.2.23"
    estree-walker "^2.0.2"
    magic-string "^0.25.7"

"@vue/runtime-core@3.2.23":
  version "3.2.23"
  resolved "https://registry.npmmirror.com/@vue/runtime-core/download/@vue/runtime-core-3.2.23.tgz#f620ce0142e87cbc99c50ac285e644ed9b57986f"
  integrity sha512-wSI5lmY2kCGLf89iiygqxVh6/5bsawz78Me9n1x4U2bHnN0yf3PWyuhN0WgIE8VfEaF7e75E333uboNEIFjgkg==
  dependencies:
    "@vue/reactivity" "3.2.23"
    "@vue/shared" "3.2.23"

"@vue/runtime-dom@3.2.23":
  version "3.2.23"
  resolved "https://registry.npmmirror.com/@vue/runtime-dom/download/@vue/runtime-dom-3.2.23.tgz#e6a3362a8a03f034ef6ff9b8281b166f0f314bfc"
  integrity sha512-z6lp0888NkLmxD9j2sGoll8Kb7J743s8s6w7GbiyUc4WZwm0KJ35B4qTFDMoIU0G7CatS6Z+yRTpPHc6srtByg==
  dependencies:
    "@vue/runtime-core" "3.2.23"
    "@vue/shared" "3.2.23"
    csstype "^2.6.8"

"@vue/server-renderer@3.2.23":
  version "3.2.23"
  resolved "https://registry.npmmirror.com/@vue/server-renderer/download/@vue/server-renderer-3.2.23.tgz#c7e22c02d8a518bd2499565b7c7c88b1842edd44"
  integrity sha512-mgQ2VAE5WjeZELJKNbwE69uiBNpN+3LyL0ZDki1bJWVwHD2fhPfx7pwyYuiucE81xz2LxVsyGxhKKUL997g8vw==
  dependencies:
    "@vue/compiler-ssr" "3.2.23"
    "@vue/shared" "3.2.23"

"@vue/shared@3.2.23":
  version "3.2.23"
  resolved "https://registry.npmmirror.com/@vue/shared/download/@vue/shared-3.2.23.tgz#e885a2ba099d40b69d5461157f3ade31e46a09a9"
  integrity sha512-U+/Jefa0QfXUF2qVy9Dqlrb6HKJSr9/wJcM66wXmWcTOoqg7hOWzF4qruDle51pyF4x3wMn6TSH54UdjKjCKMA==

commander@2:
  version "2.20.3"
  resolved "https://registry.npmmirror.com/commander/download/commander-2.20.3.tgz?cache=0&sync_timestamp=1634886367984&other_urls=https%3A%2F%2Fregistry.npmmirror.com%2Fcommander%2Fdownload%2Fcommander-2.20.3.tgz#fd485e84c03eb4881c20722ba48035e8531aeb33"
  integrity sha1-/UhehMA+tIgcIHIrpIA16FMa6zM=

csstype@^2.6.8:
  version "2.6.19"
  resolved "https://registry.npmmirror.com/csstype/download/csstype-2.6.19.tgz#feeb5aae89020bb389e1f63669a5ed490e391caa"
  integrity sha512-ZVxXaNy28/k3kJg0Fou5MiYpp88j7H9hLZp8PDC3jV0WFjfH5E9xHb56L0W59cPbKbcHXeP4qyT8PrHp8t6LcQ==

d3-array@1, d3-array@^1.1.1, d3-array@^1.2.0:
  version "1.2.4"
  resolved "https://registry.npmmirror.com/d3-array/download/d3-array-1.2.4.tgz#635ce4d5eea759f6f605863dbcfc30edc737f71f"
  integrity sha1-Y1zk1e6nWfb2BYY9vPww7cc39x8=

d3-axis@1:
  version "1.0.12"
  resolved "https://registry.nlark.com/d3-axis/download/d3-axis-1.0.12.tgz#cdf20ba210cfbb43795af33756886fb3638daac9"
  integrity sha1-zfILohDPu0N5WvM3Vohvs2ONqsk=

d3-brush@1:
  version "1.1.6"
  resolved "https://registry.nlark.com/d3-brush/download/d3-brush-1.1.6.tgz#b0a22c7372cabec128bdddf9bddc058592f89e9b"
  integrity sha1-sKIsc3LKvsEovd35vdwFhZL4nps=
  dependencies:
    d3-dispatch "1"
    d3-drag "1"
    d3-interpolate "1"
    d3-selection "1"
    d3-transition "1"

d3-chord@1:
  version "1.0.6"
  resolved "https://registry.nlark.com/d3-chord/download/d3-chord-1.0.6.tgz#309157e3f2db2c752f0280fedd35f2067ccbb15f"
  integrity sha1-MJFX4/LbLHUvAoD+3TXyBnzLsV8=
  dependencies:
    d3-array "1"
    d3-path "1"

d3-collection@1:
  version "1.0.7"
  resolved "https://registry.npm.taobao.org/d3-collection/download/d3-collection-1.0.7.tgz#349bd2aa9977db071091c13144d5e4f16b5b310e"
  integrity sha1-NJvSqpl32wcQkcExRNXk8WtbMQ4=

d3-color@1:
  version "1.4.1"
  resolved "https://registry.npmmirror.com/d3-color/download/d3-color-1.4.1.tgz#c52002bf8846ada4424d55d97982fef26eb3bc8a"
  integrity sha1-xSACv4hGraRCTVXZeYL+8m6zvIo=

d3-contour@1:
  version "1.3.2"
  resolved "https://registry.nlark.com/d3-contour/download/d3-contour-1.3.2.tgz#652aacd500d2264cb3423cee10db69f6f59bead3"
  integrity sha1-ZSqs1QDSJkyzQjzuENtp9vWb6tM=
  dependencies:
    d3-array "^1.1.1"

d3-dispatch@1:
  version "1.0.6"
  resolved "https://registry.nlark.com/d3-dispatch/download/d3-dispatch-1.0.6.tgz#00d37bcee4dd8cd97729dd893a0ac29caaba5d58"
  integrity sha1-ANN7zuTdjNl3Kd2JOgrCnKq6XVg=

d3-drag@1:
  version "1.2.5"
  resolved "https://registry.nlark.com/d3-drag/download/d3-drag-1.2.5.tgz#2537f451acd39d31406677b7dc77c82f7d988f70"
  integrity sha1-JTf0UazTnTFAZne33HfIL32Yj3A=
  dependencies:
    d3-dispatch "1"
    d3-selection "1"

d3-dsv@1:
  version "1.2.0"
  resolved "https://registry.nlark.com/d3-dsv/download/d3-dsv-1.2.0.tgz#9d5f75c3a5f8abd611f74d3f5847b0d4338b885c"
  integrity sha1-nV91w6X4q9YR900/WEew1DOLiFw=
  dependencies:
    commander "2"
    iconv-lite "0.4"
    rw "1"

d3-ease@1:
  version "1.0.7"
  resolved "https://registry.nlark.com/d3-ease/download/d3-ease-1.0.7.tgz#9a834890ef8b8ae8c558b2fe55bd57f5993b85e2"
  integrity sha1-moNIkO+LiujFWLL+Vb1X9Zk7heI=

d3-fetch@1:
  version "1.2.0"
  resolved "https://registry.nlark.com/d3-fetch/download/d3-fetch-1.2.0.tgz#15ce2ecfc41b092b1db50abd2c552c2316cf7fc7"
  integrity sha1-Fc4uz8QbCSsdtQq9LFUsIxbPf8c=
  dependencies:
    d3-dsv "1"

d3-force@1:
  version "1.2.1"
  resolved "https://registry.nlark.com/d3-force/download/d3-force-1.2.1.tgz#fd29a5d1ff181c9e7f0669e4bd72bdb0e914ec0b"
  integrity sha1-/Sml0f8YHJ5/BmnkvXK9sOkU7As=
  dependencies:
    d3-collection "1"
    d3-dispatch "1"
    d3-quadtree "1"
    d3-timer "1"

d3-format@1:
  version "1.4.5"
  resolved "https://registry.npmmirror.com/d3-format/download/d3-format-1.4.5.tgz#374f2ba1320e3717eb74a9356c67daee17a7edb4"
  integrity sha1-N08roTIONxfrdKk1bGfa7hen7bQ=

d3-geo@1:
  version "1.12.1"
  resolved "https://registry.npmmirror.com/d3-geo/download/d3-geo-1.12.1.tgz#7fc2ab7414b72e59fbcbd603e80d9adc029b035f"
  integrity sha1-f8KrdBS3Lln7y9YD6A2a3AKbA18=
  dependencies:
    d3-array "1"

d3-hierarchy@1:
  version "1.1.9"
  resolved "https://registry.npmmirror.com/d3-hierarchy/download/d3-hierarchy-1.1.9.tgz#2f6bee24caaea43f8dc37545fa01628559647a83"
  integrity sha1-L2vuJMqupD+Nw3VF+gFihVlkeoM=

d3-interpolate@1:
  version "1.4.0"
  resolved "https://registry.npmmirror.com/d3-interpolate/download/d3-interpolate-1.4.0.tgz#526e79e2d80daa383f9e0c1c1c7dcc0f0583e987"
  integrity sha1-Um554tgNqjg/ngwcHH3MDwWD6Yc=
  dependencies:
    d3-color "1"

d3-path@1:
  version "1.0.9"
  resolved "https://registry.npmmirror.com/d3-path/download/d3-path-1.0.9.tgz#48c050bb1fe8c262493a8caf5524e3e9591701cf"
  integrity sha1-SMBQux/owmJJOoyvVSTj6VkXAc8=

d3-polygon@1:
  version "1.0.6"
  resolved "https://registry.nlark.com/d3-polygon/download/d3-polygon-1.0.6.tgz#0bf8cb8180a6dc107f518ddf7975e12abbfbd38e"
  integrity sha1-C/jLgYCm3BB/UY3feXXhKrv7044=

d3-quadtree@1:
  version "1.0.7"
  resolved "https://registry.nlark.com/d3-quadtree/download/d3-quadtree-1.0.7.tgz#ca8b84df7bb53763fe3c2f24bd435137f4e53135"
  integrity sha1-youE33u1N2P+PC8kvUNRN/TlMTU=

d3-random@1:
  version "1.1.2"
  resolved "https://registry.nlark.com/d3-random/download/d3-random-1.1.2.tgz#2833be7c124360bf9e2d3fd4f33847cfe6cab291"
  integrity sha1-KDO+fBJDYL+eLT/U8zhHz+bKspE=

d3-scale-chromatic@1:
  version "1.5.0"
  resolved "https://registry.npmmirror.com/d3-scale-chromatic/download/d3-scale-chromatic-1.5.0.tgz#54e333fc78212f439b14641fb55801dd81135a98"
  integrity sha1-VOMz/HghL0ObFGQftVgB3YETWpg=
  dependencies:
    d3-color "1"
    d3-interpolate "1"

d3-scale@2:
  version "2.2.2"
  resolved "https://registry.npmmirror.com/d3-scale/download/d3-scale-2.2.2.tgz#4e880e0b2745acaaddd3ede26a9e908a9e17b81f"
  integrity sha1-TogOCydFrKrd0+3iap6Qip4XuB8=
  dependencies:
    d3-array "^1.2.0"
    d3-collection "1"
    d3-format "1"
    d3-interpolate "1"
    d3-time "1"
    d3-time-format "2"

d3-selection-multi@^1.0.1:
  version "1.0.1"
  resolved "https://registry.npmmirror.com/d3-selection-multi/download/d3-selection-multi-1.0.1.tgz#cd6c25413d04a2cb97470e786f2cd877f3e34f58"
  integrity sha1-zWwlQT0EosuXRw54byzYd/PjT1g=
  dependencies:
    d3-selection "1"
    d3-transition "1"

d3-selection@1, d3-selection@^1.1.0:
  version "1.4.2"
  resolved "https://registry.nlark.com/d3-selection/download/d3-selection-1.4.2.tgz#dcaa49522c0dbf32d6c1858afc26b6094555bc5c"
  integrity sha1-3KpJUiwNvzLWwYWK/Ca2CUVVvFw=

d3-shape@1:
  version "1.3.7"
  resolved "https://registry.nlark.com/d3-shape/download/d3-shape-1.3.7.tgz#df63801be07bc986bc54f63789b4fe502992b5d7"
  integrity sha1-32OAG+B7yYa8VPY3ibT+UCmStdc=
  dependencies:
    d3-path "1"

d3-time-format@2:
  version "2.3.0"
  resolved "https://registry.npmmirror.com/d3-time-format/download/d3-time-format-2.3.0.tgz#107bdc028667788a8924ba040faf1fbccd5a7850"
  integrity sha1-EHvcAoZneIqJJLoED68fvM1aeFA=
  dependencies:
    d3-time "1"

d3-time@1:
  version "1.1.0"
  resolved "https://registry.nlark.com/d3-time/download/d3-time-1.1.0.tgz#b1e19d307dae9c900b7e5b25ffc5dcc249a8a0f1"
  integrity sha1-seGdMH2unJALflsl/8XcwkmooPE=

d3-timer@1:
  version "1.0.10"
  resolved "https://registry.nlark.com/d3-timer/download/d3-timer-1.0.10.tgz#dfe76b8a91748831b13b6d9c793ffbd508dd9de5"
  integrity sha1-3+dripF0iDGxO22ceT/71QjdneU=

d3-transform@^1.0.5:
  version "1.0.5"
  resolved "https://registry.npmmirror.com/d3-transform/download/d3-transform-1.0.5.tgz#8e127b0200ca923aa8efd29e0bd5a8ee06e32377"
  integrity sha1-jhJ7AgDKkjqo79KeC9Wo7gbjI3c=

d3-transition@1:
  version "1.3.2"
  resolved "https://registry.npmmirror.com/d3-transition/download/d3-transition-1.3.2.tgz#a98ef2151be8d8600543434c1ca80140ae23b398"
  integrity sha1-qY7yFRvo2GAFQ0NMHKgBQK4js5g=
  dependencies:
    d3-color "1"
    d3-dispatch "1"
    d3-ease "1"
    d3-interpolate "1"
    d3-selection "^1.1.0"
    d3-timer "1"

d3-voronoi@1:
  version "1.1.4"
  resolved "https://registry.npm.taobao.org/d3-voronoi/download/d3-voronoi-1.1.4.tgz#dd3c78d7653d2bb359284ae478645d95944c8297"
  integrity sha1-3Tx412U9K7NZKErkeGRdlZRMgpc=

d3-zoom@1:
  version "1.8.3"
  resolved "https://registry.nlark.com/d3-zoom/download/d3-zoom-1.8.3.tgz#b6a3dbe738c7763121cd05b8a7795ffe17f4fc0a"
  integrity sha1-tqPb5zjHdjEhzQW4p3lf/hf0/Ao=
  dependencies:
    d3-dispatch "1"
    d3-drag "1"
    d3-interpolate "1"
    d3-selection "1"
    d3-transition "1"

d3@5.15.0:
  version "5.15.0"
  resolved "https://registry.npmmirror.com/d3/download/d3-5.15.0.tgz#ffd44958e6a3cb8a59a84429c45429b8bca5677a"
  integrity sha1-/9RJWOajy4pZqEQpxFQpuLylZ3o=
  dependencies:
    d3-array "1"
    d3-axis "1"
    d3-brush "1"
    d3-chord "1"
    d3-collection "1"
    d3-color "1"
    d3-contour "1"
    d3-dispatch "1"
    d3-drag "1"
    d3-dsv "1"
    d3-ease "1"
    d3-fetch "1"
    d3-force "1"
    d3-format "1"
    d3-geo "1"
    d3-hierarchy "1"
    d3-interpolate "1"
    d3-path "1"
    d3-polygon "1"
    d3-quadtree "1"
    d3-random "1"
    d3-scale "2"
    d3-scale-chromatic "1"
    d3-selection "1"
    d3-shape "1"
    d3-time "1"
    d3-time-format "2"
    d3-timer "1"
    d3-transition "1"
    d3-voronoi "1"
    d3-zoom "1"

esbuild-android-arm64@0.13.15:
  version "0.13.15"
  resolved "https://registry.npmmirror.com/esbuild-android-arm64/download/esbuild-android-arm64-0.13.15.tgz#3fc3ff0bab76fe35dd237476b5d2b32bb20a3d44"
  integrity sha512-m602nft/XXeO8YQPUDVoHfjyRVPdPgjyyXOxZ44MK/agewFFkPa8tUo6lAzSWh5Ui5PB4KR9UIFTSBKh/RrCmg==

esbuild-darwin-64@0.13.15:
  version "0.13.15"
  resolved "https://registry.npmmirror.com/esbuild-darwin-64/download/esbuild-darwin-64-0.13.15.tgz#8e9169c16baf444eacec60d09b24d11b255a8e72"
  integrity sha512-ihOQRGs2yyp7t5bArCwnvn2Atr6X4axqPpEdCFPVp7iUj4cVSdisgvEKdNR7yH3JDjW6aQDw40iQFoTqejqxvQ==

esbuild-darwin-arm64@0.13.15:
  version "0.13.15"
  resolved "https://registry.npmmirror.com/esbuild-darwin-arm64/download/esbuild-darwin-arm64-0.13.15.tgz#1b07f893b632114f805e188ddfca41b2b778229a"
  integrity sha512-i1FZssTVxUqNlJ6cBTj5YQj4imWy3m49RZRnHhLpefFIh0To05ow9DTrXROTE1urGTQCloFUXTX8QfGJy1P8dQ==

esbuild-freebsd-64@0.13.15:
  version "0.13.15"
  resolved "https://registry.npmmirror.com/esbuild-freebsd-64/download/esbuild-freebsd-64-0.13.15.tgz#0b8b7eca1690c8ec94c75680c38c07269c1f4a85"
  integrity sha512-G3dLBXUI6lC6Z09/x+WtXBXbOYQZ0E8TDBqvn7aMaOCzryJs8LyVXKY4CPnHFXZAbSwkCbqiPuSQ1+HhrNk7EA==

esbuild-freebsd-arm64@0.13.15:
  version "0.13.15"
  resolved "https://registry.npmmirror.com/esbuild-freebsd-arm64/download/esbuild-freebsd-arm64-0.13.15.tgz#2e1a6c696bfdcd20a99578b76350b41db1934e52"
  integrity sha512-KJx0fzEDf1uhNOZQStV4ujg30WlnwqUASaGSFPhznLM/bbheu9HhqZ6mJJZM32lkyfGJikw0jg7v3S0oAvtvQQ==

esbuild-linux-32@0.13.15:
  version "0.13.15"
  resolved "https://registry.npmmirror.com/esbuild-linux-32/download/esbuild-linux-32-0.13.15.tgz#6fd39f36fc66dd45b6b5f515728c7bbebc342a69"
  integrity sha512-ZvTBPk0YWCLMCXiFmD5EUtB30zIPvC5Itxz0mdTu/xZBbbHJftQgLWY49wEPSn2T/TxahYCRDWun5smRa0Tu+g==

esbuild-linux-64@0.13.15:
  version "0.13.15"
  resolved "https://registry.npmmirror.com/esbuild-linux-64/download/esbuild-linux-64-0.13.15.tgz#9cb8e4bcd7574e67946e4ee5f1f1e12386bb6dd3"
  integrity sha512-eCKzkNSLywNeQTRBxJRQ0jxRCl2YWdMB3+PkWFo2BBQYC5mISLIVIjThNtn6HUNqua1pnvgP5xX0nHbZbPj5oA==

esbuild-linux-arm64@0.13.15:
  version "0.13.15"
  resolved "https://registry.npmmirror.com/esbuild-linux-arm64/download/esbuild-linux-arm64-0.13.15.tgz#3891aa3704ec579a1b92d2a586122e5b6a2bfba1"
  integrity sha512-bYpuUlN6qYU9slzr/ltyLTR9YTBS7qUDymO8SV7kjeNext61OdmqFAzuVZom+OLW1HPHseBfJ/JfdSlx8oTUoA==

esbuild-linux-arm@0.13.15:
  version "0.13.15"
  resolved "https://registry.npmmirror.com/esbuild-linux-arm/download/esbuild-linux-arm-0.13.15.tgz#8a00e99e6a0c6c9a6b7f334841364d8a2b4aecfe"
  integrity sha512-wUHttDi/ol0tD8ZgUMDH8Ef7IbDX+/UsWJOXaAyTdkT7Yy9ZBqPg8bgB/Dn3CZ9SBpNieozrPRHm0BGww7W/jA==

esbuild-linux-mips64le@0.13.15:
  version "0.13.15"
  resolved "https://registry.npmmirror.com/esbuild-linux-mips64le/download/esbuild-linux-mips64le-0.13.15.tgz#36b07cc47c3d21e48db3bb1f4d9ef8f46aead4f7"
  integrity sha512-KlVjIG828uFPyJkO/8gKwy9RbXhCEUeFsCGOJBepUlpa7G8/SeZgncUEz/tOOUJTcWMTmFMtdd3GElGyAtbSWg==

esbuild-linux-ppc64le@0.13.15:
  version "0.13.15"
  resolved "https://registry.npmmirror.com/esbuild-linux-ppc64le/download/esbuild-linux-ppc64le-0.13.15.tgz#f7e6bba40b9a11eb9dcae5b01550ea04670edad2"
  integrity sha512-h6gYF+OsaqEuBjeesTBtUPw0bmiDu7eAeuc2OEH9S6mV9/jPhPdhOWzdeshb0BskRZxPhxPOjqZ+/OqLcxQwEQ==

esbuild-netbsd-64@0.13.15:
  version "0.13.15"
  resolved "https://registry.npmmirror.com/esbuild-netbsd-64/download/esbuild-netbsd-64-0.13.15.tgz#a2fedc549c2b629d580a732d840712b08d440038"
  integrity sha512-3+yE9emwoevLMyvu+iR3rsa+Xwhie7ZEHMGDQ6dkqP/ndFzRHkobHUKTe+NCApSqG5ce2z4rFu+NX/UHnxlh3w==

esbuild-openbsd-64@0.13.15:
  version "0.13.15"
  resolved "https://registry.npmmirror.com/esbuild-openbsd-64/download/esbuild-openbsd-64-0.13.15.tgz#b22c0e5806d3a1fbf0325872037f885306b05cd7"
  integrity sha512-wTfvtwYJYAFL1fSs8yHIdf5GEE4NkbtbXtjLWjM3Cw8mmQKqsg8kTiqJ9NJQe5NX/5Qlo7Xd9r1yKMMkHllp5g==

esbuild-sunos-64@0.13.15:
  version "0.13.15"
  resolved "https://registry.npmmirror.com/esbuild-sunos-64/download/esbuild-sunos-64-0.13.15.tgz#d0b6454a88375ee8d3964daeff55c85c91c7cef4"
  integrity sha512-lbivT9Bx3t1iWWrSnGyBP9ODriEvWDRiweAs69vI+miJoeKwHWOComSRukttbuzjZ8r1q0mQJ8Z7yUsDJ3hKdw==

esbuild-windows-32@0.13.15:
  version "0.13.15"
  resolved "https://registry.npmmirror.com/esbuild-windows-32/download/esbuild-windows-32-0.13.15.tgz#c96d0b9bbb52f3303322582ef8e4847c5ad375a7"
  integrity sha512-fDMEf2g3SsJ599MBr50cY5ve5lP1wyVwTe6aLJsM01KtxyKkB4UT+fc5MXQFn3RLrAIAZOG+tHC+yXObpSn7Nw==

esbuild-windows-64@0.13.15:
  version "0.13.15"
  resolved "https://registry.npmmirror.com/esbuild-windows-64/download/esbuild-windows-64-0.13.15.tgz#1f79cb9b1e1bb02fb25cd414cb90d4ea2892c294"
  integrity sha512-9aMsPRGDWCd3bGjUIKG/ZOJPKsiztlxl/Q3C1XDswO6eNX/Jtwu4M+jb6YDH9hRSUflQWX0XKAfWzgy5Wk54JQ==

esbuild-windows-arm64@0.13.15:
  version "0.13.15"
  resolved "https://registry.npmmirror.com/esbuild-windows-arm64/download/esbuild-windows-arm64-0.13.15.tgz#482173070810df22a752c686509c370c3be3b3c3"
  integrity sha512-zzvyCVVpbwQQATaf3IG8mu1IwGEiDxKkYUdA4FpoCHi1KtPa13jeScYDjlW0Qh+ebWzpKfR2ZwvqAQkSWNcKjA==

esbuild@^0.13.2:
  version "0.13.15"
  resolved "https://registry.npmmirror.com/esbuild/download/esbuild-0.13.15.tgz#db56a88166ee373f87dbb2d8798ff449e0450cdf"
  integrity sha512-raCxt02HBKv8RJxE8vkTSCXGIyKHdEdGfUmiYb8wnabnaEmHzyW7DCHb5tEN0xU8ryqg5xw54mcwnYkC4x3AIw==
  optionalDependencies:
    esbuild-android-arm64 "0.13.15"
    esbuild-darwin-64 "0.13.15"
    esbuild-darwin-arm64 "0.13.15"
    esbuild-freebsd-64 "0.13.15"
    esbuild-freebsd-arm64 "0.13.15"
    esbuild-linux-32 "0.13.15"
    esbuild-linux-64 "0.13.15"
    esbuild-linux-arm "0.13.15"
    esbuild-linux-arm64 "0.13.15"
    esbuild-linux-mips64le "0.13.15"
    esbuild-linux-ppc64le "0.13.15"
    esbuild-netbsd-64 "0.13.15"
    esbuild-openbsd-64 "0.13.15"
    esbuild-sunos-64 "0.13.15"
    esbuild-windows-32 "0.13.15"
    esbuild-windows-64 "0.13.15"
    esbuild-windows-arm64 "0.13.15"

estree-walker@^2.0.2:
  version "2.0.2"
  resolved "https://registry.npm.taobao.org/estree-walker/download/estree-walker-2.0.2.tgz#52f010178c2a4c117a7757cfe942adb7d2da4cac"
  integrity sha1-UvAQF4wqTBF6d1fP6UKtt9LaTKw=

fsevents@~2.3.2:
  version "2.3.2"
  resolved "https://registry.npmmirror.com/fsevents/download/fsevents-2.3.2.tgz#8a526f78b8fdf4623b709e0b975c52c24c02fd1a"
  integrity sha1-ilJveLj99GI7cJ4Ll1xSwkwC/Ro=

function-bind@^1.1.1:
  version "1.1.1"
  resolved "https://registry.npmmirror.com/function-bind/download/function-bind-1.1.1.tgz#a56899d3ea3c9bab874bb9773b7c5ede92f4895d"
  integrity sha1-pWiZ0+o8m6uHS7l3O3xe3pL0iV0=

has@^1.0.3:
  version "1.0.3"
  resolved "https://registry.nlark.com/has/download/has-1.0.3.tgz#722d7cbfc1f6aa8241f16dd814e011e1f41e8796"
  integrity sha1-ci18v8H2qoJB8W3YFOAR4fQeh5Y=
  dependencies:
    function-bind "^1.1.1"

iconv-lite@0.4:
  version "0.4.24"
  resolved "https://registry.nlark.com/iconv-lite/download/iconv-lite-0.4.24.tgz?cache=0&other_urls=https%3A%2F%2Fregistry.nlark.com%2Ficonv-lite%2Fdownload%2Ficonv-lite-0.4.24.tgz#2022b4b25fbddc21d2f524974a474aafe733908b"
  integrity sha1-ICK0sl+93CHS9SSXSkdKr+czkIs=
  dependencies:
    safer-buffer ">= 2.1.2 < 3"

is-core-module@^2.2.0:
  version "2.8.0"
  resolved "https://registry.npmmirror.com/is-core-module/download/is-core-module-2.8.0.tgz#0321336c3d0925e497fd97f5d95cb114a5ccd548"
  integrity sha1-AyEzbD0JJeSX/Zf12VyxFKXM1Ug=
  dependencies:
    has "^1.0.3"

magic-string@^0.25.7:
  version "0.25.7"
  resolved "https://registry.nlark.com/magic-string/download/magic-string-0.25.7.tgz#3f497d6fd34c669c6798dcb821f2ef31f5445051"
  integrity sha1-P0l9b9NMZpxnmNy4IfLvMfVEUFE=
  dependencies:
    sourcemap-codec "^1.4.4"

nanoid@^3.1.30:
  version "3.1.30"
  resolved "https://registry.npmmirror.com/nanoid/download/nanoid-3.1.30.tgz#63f93cc548d2a113dc5dfbc63bfa09e2b9b64362"
  integrity sha1-Y/k8xUjSoRPcXfvGO/oJ4rm2Q2I=

path-parse@^1.0.6:
  version "1.0.7"
  resolved "https://registry.nlark.com/path-parse/download/path-parse-1.0.7.tgz?cache=0&other_urls=https%3A%2F%2Fregistry.nlark.com%2Fpath-parse%2Fdownload%2Fpath-parse-1.0.7.tgz#fbc114b60ca42b30d9daf5858e4bd68bbedb6735"
  integrity sha1-+8EUtgykKzDZ2vWFjkvWi77bZzU=

picocolors@^1.0.0:
  version "1.0.0"
  resolved "https://registry.npmmirror.com/picocolors/download/picocolors-1.0.0.tgz?cache=0&sync_timestamp=1634093425324&other_urls=https%3A%2F%2Fregistry.npmmirror.com%2Fpicocolors%2Fdownload%2Fpicocolors-1.0.0.tgz#cb5bdc74ff3f51892236eaf79d68bc44564ab81c"
  integrity sha1-y1vcdP8/UYkiNur3nWi8RFZKuBw=

postcss@^8.1.10, postcss@^8.3.8:
  version "8.4.4"
  resolved "https://registry.npmmirror.com/postcss/download/postcss-8.4.4.tgz#d53d4ec6a75fd62557a66bb41978bf47ff0c2869"
  integrity sha512-joU6fBsN6EIer28Lj6GDFoC/5yOZzLCfn0zHAn/MYXI7aPt4m4hK5KC5ovEZXy+lnCjmYIbQWngvju2ddyEr8Q==
  dependencies:
    nanoid "^3.1.30"
    picocolors "^1.0.0"
    source-map-js "^1.0.1"

resolve@^1.20.0:
  version "1.20.0"
  resolved "https://registry.nlark.com/resolve/download/resolve-1.20.0.tgz?cache=0&sync_timestamp=1618846903792&other_urls=https%3A%2F%2Fregistry.nlark.com%2Fresolve%2Fdownload%2Fresolve-1.20.0.tgz#629a013fb3f70755d6f0b7935cc1c2c5378b1975"
  integrity sha1-YpoBP7P3B1XW8LeTXMHCxTeLGXU=
  dependencies:
    is-core-module "^2.2.0"
    path-parse "^1.0.6"

rollup@^2.57.0:
  version "2.60.2"
  resolved "https://registry.npmmirror.com/rollup/download/rollup-2.60.2.tgz#3f45ace36a9b10b4297181831ea0719922513463"
  integrity sha512-1Bgjpq61sPjgoZzuiDSGvbI1tD91giZABgjCQBKM5aYLnzjq52GoDuWVwT/cm/MCxCMPU8gqQvkj8doQ5C8Oqw==
  optionalDependencies:
    fsevents "~2.3.2"

rw@1:
  version "1.3.3"
  resolved "https://registry.npmmirror.com/rw/download/rw-1.3.3.tgz#3f862dfa91ab766b14885ef4d01124bfda074fb4"
  integrity sha1-P4Yt+pGrdmsUiF700BEkv9oHT7Q=

"safer-buffer@>= 2.1.2 < 3":
  version "2.1.2"
  resolved "https://registry.nlark.com/safer-buffer/download/safer-buffer-2.1.2.tgz#44fa161b0187b9549dd84bb91802f9bd8385cd6a"
  integrity sha1-RPoWGwGHuVSd2Eu5GAL5vYOFzWo=

source-map-js@^1.0.1:
  version "1.0.1"
  resolved "https://registry.npmmirror.com/source-map-js/download/source-map-js-1.0.1.tgz#a1741c131e3c77d048252adfa24e23b908670caf"
  integrity sha512-4+TN2b3tqOCd/kaGRJ/sTYA0tR0mdXx26ipdolxcwtJVqEnqNYvlCAt1q3ypy4QMlYus+Zh34RNtYLoq2oQ4IA==

source-map@^0.6.1:
  version "0.6.1"
  resolved "https://registry.npm.taobao.org/source-map/download/source-map-0.6.1.tgz#74722af32e9614e9c287a8d0bbde48b5e2f1a263"
  integrity sha1-dHIq8y6WFOnCh6jQu95IteLxomM=

sourcemap-codec@^1.4.4:
  version "1.4.8"
  resolved "https://registry.nlark.com/sourcemap-codec/download/sourcemap-codec-1.4.8.tgz#ea804bd94857402e6992d05a38ef1ae35a9ab4c4"
  integrity sha1-6oBL2UhXQC5pktBaOO8a41qatMQ=

vite@^2.6.4:
  version "2.6.14"
  resolved "https://registry.npmmirror.com/vite/download/vite-2.6.14.tgz#35c09a15e4df823410819a2a239ab11efb186271"
  integrity sha512-2HA9xGyi+EhY2MXo0+A2dRsqsAG3eFNEVIo12olkWhOmc8LfiM+eMdrXf+Ruje9gdXgvSqjLI9freec1RUM5EA==
  dependencies:
    esbuild "^0.13.2"
    postcss "^8.3.8"
    resolve "^1.20.0"
    rollup "^2.57.0"
  optionalDependencies:
    fsevents "~2.3.2"

vue@^3.2.16:
  version "3.2.23"
  resolved "https://registry.npmmirror.com/vue/download/vue-3.2.23.tgz#fe17e4a98bee1afe2aed351a0a80e052728f9ce2"
  integrity sha512-MGp9JZC37lzGhwSu6c1tQxrQbXbw7XKFqtYh7SFwNrNK899FPxGAHwSHMZijMChTSC3uZrD2BGO/3EHOgMJ0cw==
  dependencies:
    "@vue/compiler-dom" "3.2.23"
    "@vue/compiler-sfc" "3.2.23"
    "@vue/runtime-dom" "3.2.23"
    "@vue/server-renderer" "3.2.23"
    "@vue/shared" "3.2.23"
